
Microsoft Visual Studio Solution File, Format Version 12.00
# Visual Studio Version 17
VisualStudioVersion = 17.1.32421.90
MinimumVisualStudioVersion = 10.0.40219.1
Project("{8BC9CEB8-8B4A-11D0-8D11-00A0C91BC942}") = "1번", "1번\1번.vcxproj", "{E6165398-1308-412F-A94B-8E616DF2674F}"
EndProject
Project("{8BC9CEB8-8B4A-11D0-8D11-00A0C91BC942}") = "2번", "2번\2번.vcxproj", "{B683DB17-9CA8-4BB4-8956-589EF06F4899}"
EndProject
Project("{8BC9CEB8-8B4A-11D0-8D11-00A0C91BC942}") = "3번", "3번\3번.vcxproj", "{0D112D4E-E928-47C4-B4A3-BE0DB3F4BAAC}"
EndProject
Project("{8BC9CEB8-8B4A-11D0-8D11-00A0C91BC942}") = "4번", "4번\4번.vcxproj", "{42CEF615-1AFD-4707-8F09-EE69DBD9FAB9}"
EndProject
Project("{8BC9CEB8-8B4A-11D0-8D11-00A0C91BC942}") = "5번", "5번\5번.vcxproj", "{28334B07-09C2-4E67-884B-811D0AB0556E}"
EndProject
Project("{8BC9CEB8-8B4A-11D0-8D11-00A0C91BC942}") = "6번", "6번\6번.vcxproj", "{A0A20E06-BF09-4934-ADAF-0662C2F82293}"
EndProject
Project("{8BC9CEB8-8B4A-11D0-8D11-00A0C91BC942}") = "7번", "7번\7번.vcxproj", "{672A7D39-6268-4F56-AACA-18CDF36792EF}"
EndProject
Project("{8BC9CEB8-8B4A-11D0-8D11-00A0C91BC942}") = "8번", "8번\8번.vcxproj", "{370ACF06-9A39-47EB-99D1-93F0B3E42E9A}"
EndProject
Project("{8BC9CEB8-8B4A-11D0-8D11-00A0C91BC942}") = "9번", "9번\9번.vcxproj", "{00540ED0-D72F-41F1-98E8-2BA7A8106955}"
EndProject
Project("{8BC9CEB8-8B4A-11D0-8D11-00A0C91BC942}") = "10번", "10번\10번.vcxproj", "{CC839DCD-AA08-43DF-8837-F03C6AC29C1F}"
EndProject
Global
	GlobalSection(SolutionConfigurationPlatforms) = preSolution
		Debug|x64 = Debug|x64
		Debug|x86 = Debug|x86
		Release|x64 = Release|x64
		Release|x86 = Release|x86
	EndGlobalSection
	GlobalSection(ProjectConfigurationPlatforms) = postSolution
		{E6165398-1308-412F-A94B-8E616DF2674F}.Debug|x64.ActiveCfg = Debug|x64
		{E6165398-1308-412F-A94B-8E616DF2674F}.Debug|x64.Build.0 = Debug|x64
		{E6165398-1308-412F-A94B-8E616DF2674F}.Debug|x86.ActiveCfg = Debug|Win32
		{E6165398-1308-412F-A94B-8E616DF2674F}.Debug|x86.Build.0 = Debug|Win32
		{E6165398-1308-412F-A94B-8E616DF2674F}.Release|x64.ActiveCfg = Release|x64
		{E6165398-1308-412F-A94B-8E616DF2674F}.Release|x64.Build.0 = Release|x64
		{E6165398-1308-412F-A94B-8E616DF2674F}.Release|x86.ActiveCfg = Release|Win32
		{E6165398-1308-412F-A94B-8E616DF2674F}.Release|x86.Build.0 = Release|Win32
		{B683DB17-9CA8-4BB4-8956-589EF06F4899}.Debug|x64.ActiveCfg = Debug|x64
		{B683DB17-9CA8-4BB4-8956-589EF06F4899}.Debug|x64.Build.0 = Debug|x64
		{B683DB17-9CA8-4BB4-8956-589EF06F4899}.Debug|x86.ActiveCfg = Debug|Win32
		{B683DB17-9CA8-4BB4-8956-589EF06F4899}.Debug|x86.Build.0 = Debug|Win32
		{B683DB17-9CA8-4BB4-8956-589EF06F4899}.Release|x64.ActiveCfg = Release|x64
		{B683DB17-9CA8-4BB4-8956-589EF06F4899}.Release|x64.Build.0 = Release|x64
		{B683DB17-9CA8-4BB4-8956-589EF06F4899}.Release|x86.ActiveCfg = Release|Win32
		{B683DB17-9CA8-4BB4-8956-589EF06F4899}.Release|x86.Build.0 = Release|Win32
		{0D112D4E-E928-47C4-B4A3-BE0DB3F4BAAC}.Debug|x64.ActiveCfg = Debug|x64
		{0D112D4E-E928-47C4-B4A3-BE0DB3F4BAAC}.Debug|x64.Build.0 = Debug|x64
		{0D112D4E-E928-47C4-B4A3-BE0DB3F4BAAC}.Debug|x86.ActiveCfg = Debug|Win32
		{0D112D4E-E928-47C4-B4A3-BE0DB3F4BAAC}.Debug|x86.Build.0 = Debug|Win32
		{0D112D4E-E928-47C4-B4A3-BE0DB3F4BAAC}.Release|x64.ActiveCfg = Release|x64
		{0D112D4E-E928-47C4-B4A3-BE0DB3F4BAAC}.Release|x64.Build.0 = Release|x64
		{0D112D4E-E928-47C4-B4A3-BE0DB3F4BAAC}.Release|x86.ActiveCfg = Release|Win32
		{0D112D4E-E928-47C4-B4A3-BE0DB3F4BAAC}.Release|x86.Build.0 = Release|Win32
		{42CEF615-1AFD-4707-8F09-EE69DBD9FAB9}.Debug|x64.ActiveCfg = Debug|x64
		{42CEF615-1AFD-4707-8F09-EE69DBD9FAB9}.Debug|x64.Build.0 = Debug|x64
		{42CEF615-1AFD-4707-8F09-EE69DBD9FAB9}.Debug|x86.ActiveCfg = Debug|Win32
		{42CEF615-1AFD-4707-8F09-EE69DBD9FAB9}.Debug|x86.Build.0 = Debug|Win32
		{42CEF615-1AFD-4707-8F09-EE69DBD9FAB9}.Release|x64.ActiveCfg = Release|x64
		{42CEF615-1AFD-4707-8F09-EE69DBD9FAB9}.Release|x64.Build.0 = Release|x64
		{42CEF615-1AFD-4707-8F09-EE69DBD9FAB9}.Release|x86.ActiveCfg = Release|Win32
		{42CEF615-1AFD-4707-8F09-EE69DBD9FAB9}.Release|x86.Build.0 = Release|Win32
		{28334B07-09C2-4E67-884B-811D0AB0556E}.Debug|x64.ActiveCfg = Debug|x64
		{28334B07-09C2-4E67-884B-811D0AB0556E}.Debug|x64.Build.0 = Debug|x64
		{28334B07-09C2-4E67-884B-811D0AB0556E}.Debug|x86.ActiveCfg = Debug|Win32
		{28334B07-09C2-4E67-884B-811D0AB0556E}.Debug|x86.Build.0 = Debug|Win32
		{28334B07-09C2-4E67-884B-811D0AB0556E}.Release|x64.ActiveCfg = Release|x64
		{28334B07-09C2-4E67-884B-811D0AB0556E}.Release|x64.Build.0 = Release|x64
		{28334B07-09C2-4E67-884B-811D0AB0556E}.Release|x86.ActiveCfg = Release|Win32
		{28334B07-09C2-4E67-884B-811D0AB0556E}.Release|x86.Build.0 = Release|Win32
		{A0A20E06-BF09-4934-ADAF-0662C2F82293}.Debug|x64.ActiveCfg = Debug|x64
		{A0A20E06-BF09-4934-ADAF-0662C2F82293}.Debug|x64.Build.0 = Debug|x64
		{A0A20E06-BF09-4934-ADAF-0662C2F82293}.Debug|x86.ActiveCfg = Debug|Win32
		{A0A20E06-BF09-4934-ADAF-0662C2F82293}.Debug|x86.Build.0 = Debug|Win32
		{A0A20E06-BF09-4934-ADAF-0662C2F82293}.Release|x64.ActiveCfg = Release|x64
		{A0A20E06-BF09-4934-ADAF-0662C2F82293}.Release|x64.Build.0 = Release|x64
		{A0A20E06-BF09-4934-ADAF-0662C2F82293}.Release|x86.ActiveCfg = Release|Win32
		{A0A20E06-BF09-4934-ADAF-0662C2F82293}.Release|x86.Build.0 = Release|Win32
		{672A7D39-6268-4F56-AACA-18CDF36792EF}.Debug|x64.ActiveCfg = Debug|x64
		{672A7D39-6268-4F56-AACA-18CDF36792EF}.Debug|x64.Build.0 = Debug|x64
		{672A7D39-6268-4F56-AACA-18CDF36792EF}.Debug|x86.ActiveCfg = Debug|Win32
		{672A7D39-6268-4F56-AACA-18CDF36792EF}.Debug|x86.Build.0 = Debug|Win32
		{672A7D39-6268-4F56-AACA-18CDF36792EF}.Release|x64.ActiveCfg = Release|x64
		{672A7D39-6268-4F56-AACA-18CDF36792EF}.Release|x64.Build.0 = Release|x64
		{672A7D39-6268-4F56-AACA-18CDF36792EF}.Release|x86.ActiveCfg = Release|Win32
		{672A7D39-6268-4F56-AACA-18CDF36792EF}.Release|x86.Build.0 = Release|Win32
		{370ACF06-9A39-47EB-99D1-93F0B3E42E9A}.Debug|x64.ActiveCfg = Debug|x64
		{370ACF06-9A39-47EB-99D1-93F0B3E42E9A}.Debug|x64.Build.0 = Debug|x64
		{370ACF06-9A39-47EB-99D1-93F0B3E42E9A}.Debug|x86.ActiveCfg = Debug|Win32
		{370ACF06-9A39-47EB-99D1-93F0B3E42E9A}.Debug|x86.Build.0 = Debug|Win32
		{370ACF06-9A39-47EB-99D1-93F0B3E42E9A}.Release|x64.ActiveCfg = Release|x64
		{370ACF06-9A39-47EB-99D1-93F0B3E42E9A}.Release|x64.Build.0 = Release|x64
		{370ACF06-9A39-47EB-99D1-93F0B3E42E9A}.Release|x86.ActiveCfg = Release|Win32
		{370ACF06-9A39-47EB-99D1-93F0B3E42E9A}.Release|x86.Build.0 = Release|Win32
		{00540ED0-D72F-41F1-98E8-2BA7A8106955}.Debug|x64.ActiveCfg = Debug|x64
		{00540ED0-D72F-41F1-98E8-2BA7A8106955}.Debug|x64.Build.0 = Debug|x64
		{00540ED0-D72F-41F1-98E8-2BA7A8106955}.Debug|x86.ActiveCfg = Debug|Win32
		{00540ED0-D72F-41F1-98E8-2BA7A8106955}.Debug|x86.Build.0 = Debug|Win32
		{00540ED0-D72F-41F1-98E8-2BA7A8106955}.Release|x64.ActiveCfg = Release|x64
		{00540ED0-D72F-41F1-98E8-2BA7A8106955}.Release|x64.Build.0 = Release|x64
		{00540ED0-D72F-41F1-98E8-2BA7A8106955}.Release|x86.ActiveCfg = Release|Win32
		{00540ED0-D72F-41F1-98E8-2BA7A8106955}.Release|x86.Build.0 = Release|Win32
		{CC839DCD-AA08-43DF-8837-F03C6AC29C1F}.Debug|x64.ActiveCfg = Debug|x64
		{CC839DCD-AA08-43DF-8837-F03C6AC29C1F}.Debug|x64.Build.0 = Debug|x64
		{CC839DCD-AA08-43DF-8837-F03C6AC29C1F}.Debug|x86.ActiveCfg = Debug|Win32
		{CC839DCD-AA08-43DF-8837-F03C6AC29C1F}.Debug|x86.Build.0 = Debug|Win32
		{CC839DCD-AA08-43DF-8837-F03C6AC29C1F}.Release|x64.ActiveCfg = Release|x64
		{CC839DCD-AA08-43DF-8837-F03C6AC29C1F}.Release|x64.Build.0 = Release|x64
		{CC839DCD-AA08-43DF-8837-F03C6AC29C1F}.Release|x86.ActiveCfg = Release|Win32
		{CC839DCD-AA08-43DF-8837-F03C6AC29C1F}.Release|x86.Build.0 = Release|Win32
	EndGlobalSection
	GlobalSection(SolutionProperties) = preSolution
		HideSolutionNode = FALSE
	EndGlobalSection
	GlobalSection(ExtensibilityGlobals) = postSolution
		SolutionGuid = {300F3D69-5D02-443A-A159-AC308717ADBE}
	EndGlobalSection
EndGlobal
